
Microsoft Visual Studio Solution File, Format Version 12.00
# Visual Studio Version 16
VisualStudioVersion = 16.0.30804.86
MinimumVisualStudioVersion = 10.0.40219.1
Project("{9A19103F-16F7-4668-BE54-9A1E7A4F7556}") = "NBA.ApplicationCore", "NBA.ApplicationCore\NBA.ApplicationCore.csproj", "{4D3DC302-A089-433B-988F-30D29B8CA70B}"
EndProject
Project("{9A19103F-16F7-4668-BE54-9A1E7A4F7556}") = "NBA.Infrastructure", "NBA.Infrastructure\NBA.Infrastructure.csproj", "{9AC9AD6E-C588-4E0E-BA96-DEF0CF5D6920}"
EndProject
Project("{9A19103F-16F7-4668-BE54-9A1E7A4F7556}") = "NBA.Tests", "NBA.Tests\NBA.Tests.csproj", "{90D7866C-CBAB-4D39-9124-DC42B5301A3B}"
EndProject
Project("{9A19103F-16F7-4668-BE54-9A1E7A4F7556}") = "NBA.Web", "NBA.Web\NBA.Web.csproj", "{F4366028-BA57-447F-9195-999F33EA9103}"
EndProject
Project("{FAE04EC0-301F-11D3-BF4B-00C04F79EFBC}") = "NBA.Domain", "NBA.Domain\NBA.Domain.csproj", "{18B1147D-0CA5-4ACB-8B38-A79B6D2622E5}"
EndProject
Global
	GlobalSection(SolutionConfigurationPlatforms) = preSolution
		Debug|Any CPU = Debug|Any CPU
		Release|Any CPU = Release|Any CPU
	EndGlobalSection
	GlobalSection(ProjectConfigurationPlatforms) = postSolution
		{4D3DC302-A089-433B-988F-30D29B8CA70B}.Debug|Any CPU.ActiveCfg = Debug|Any CPU
		{4D3DC302-A089-433B-988F-30D29B8CA70B}.Debug|Any CPU.Build.0 = Debug|Any CPU
		{4D3DC302-A089-433B-988F-30D29B8CA70B}.Release|Any CPU.ActiveCfg = Release|Any CPU
		{4D3DC302-A089-433B-988F-30D29B8CA70B}.Release|Any CPU.Build.0 = Release|Any CPU
		{9AC9AD6E-C588-4E0E-BA96-DEF0CF5D6920}.Debug|Any CPU.ActiveCfg = Debug|Any CPU
		{9AC9AD6E-C588-4E0E-BA96-DEF0CF5D6920}.Debug|Any CPU.Build.0 = Debug|Any CPU
		{9AC9AD6E-C588-4E0E-BA96-DEF0CF5D6920}.Release|Any CPU.ActiveCfg = Release|Any CPU
		{9AC9AD6E-C588-4E0E-BA96-DEF0CF5D6920}.Release|Any CPU.Build.0 = Release|Any CPU
		{90D7866C-CBAB-4D39-9124-DC42B5301A3B}.Debug|Any CPU.ActiveCfg = Debug|Any CPU
		{90D7866C-CBAB-4D39-9124-DC42B5301A3B}.Debug|Any CPU.Build.0 = Debug|Any CPU
		{90D7866C-CBAB-4D39-9124-DC42B5301A3B}.Release|Any CPU.ActiveCfg = Release|Any CPU
		{90D7866C-CBAB-4D39-9124-DC42B5301A3B}.Release|Any CPU.Build.0 = Release|Any CPU
		{F4366028-BA57-447F-9195-999F33EA9103}.Debug|Any CPU.ActiveCfg = Debug|Any CPU
		{F4366028-BA57-447F-9195-999F33EA9103}.Debug|Any CPU.Build.0 = Debug|Any CPU
		{F4366028-BA57-447F-9195-999F33EA9103}.Release|Any CPU.ActiveCfg = Release|Any CPU
		{F4366028-BA57-447F-9195-999F33EA9103}.Release|Any CPU.Build.0 = Release|Any CPU
		{18B1147D-0CA5-4ACB-8B38-A79B6D2622E5}.Debug|Any CPU.ActiveCfg = Debug|Any CPU
		{18B1147D-0CA5-4ACB-8B38-A79B6D2622E5}.Debug|Any CPU.Build.0 = Debug|Any CPU
		{18B1147D-0CA5-4ACB-8B38-A79B6D2622E5}.Release|Any CPU.ActiveCfg = Release|Any CPU
		{18B1147D-0CA5-4ACB-8B38-A79B6D2622E5}.Release|Any CPU.Build.0 = Release|Any CPU
	EndGlobalSection
	GlobalSection(SolutionProperties) = preSolution
		HideSolutionNode = FALSE
	EndGlobalSection
	GlobalSection(ExtensibilityGlobals) = postSolution
		SolutionGuid = {5B447D4A-33B0-4C04-A1DD-0A4E45E09795}
	EndGlobalSection
EndGlobal
